{
  "requires": true,
  "lockfileVersion": 1,
  "dependencies": {
    "rprtr258palindrome": {
      "version": "0.0.1",
      "resolved": "https://registry.npmjs.org/rprtr258palindrome/-/rprtr258palindrome-0.0.1.tgz",
      "integrity": "sha512-q5rnkrfNXt2kwIY2ohNUFfzCDVqaT3NsjDXqLBBUGhirgs2vyL3pWJUn7vgNnmgXUGqqotbetBsF7iCEBhuzBA=="
    }
  }
}
